// !$*UTF8*$!
{
	archiveVersion = 1;
	classes = {
	};
	objectVersion = 51;
	objects = {

/* Begin PBXBuildFile section */
		4AE157DFE770B3D4F77D6F21 /* Pods_AstrologyApp.framework in Frameworks */ = {isa = PBXBuildFile; fileRef = F9A67CF8BD7BAAC9DC95AC00 /* Pods_AstrologyApp.framework */; };
		C49090D92548820D00BA9906 /* AstroDetailsCall.swift in Sources */ = {isa = PBXBuildFile; fileRef = C49090D82548820D00BA9906 /* AstroDetailsCall.swift */; };
		C49090E3254891EF00BA9906 /* Utilities.swift in Sources */ = {isa = PBXBuildFile; fileRef = C49090E2254891EF00BA9906 /* Utilities.swift */; };
		C49090E62548BD1E00BA9906 /* ResultViewController.swift in Sources */ = {isa = PBXBuildFile; fileRef = C49090E52548BD1E00BA9906 /* ResultViewController.swift */; };
		C4E838AC2547644C0066774B /* AppDelegate.swift in Sources */ = {isa = PBXBuildFile; fileRef = C4E838AB2547644C0066774B /* AppDelegate.swift */; };
		C4E838AE2547644C0066774B /* SceneDelegate.swift in Sources */ = {isa = PBXBuildFile; fileRef = C4E838AD2547644C0066774B /* SceneDelegate.swift */; };
		C4E838B02547644C0066774B /* ViewController.swift in Sources */ = {isa = PBXBuildFile; fileRef = C4E838AF2547644C0066774B /* ViewController.swift */; };
		C4E838B32547644C0066774B /* Main.storyboard in Resources */ = {isa = PBXBuildFile; fileRef = C4E838B12547644C0066774B /* Main.storyboard */; };
		C4E838B52547644E0066774B /* Assets.xcassets in Resources */ = {isa = PBXBuildFile; fileRef = C4E838B42547644E0066774B /* Assets.xcassets */; };
		C4E838B82547644E0066774B /* LaunchScreen.storyboard in Resources */ = {isa = PBXBuildFile; fileRef = C4E838B62547644E0066774B /* LaunchScreen.storyboard */; };
		C4E838C5254765600066774B /* NetworkCall.swift in Sources */ = {isa = PBXBuildFile; fileRef = C4E838C4254765600066774B /* NetworkCall.swift */; };
		C4E838C9254769D30066774B /* AuthenticationConstant.swift in Sources */ = {isa = PBXBuildFile; fileRef = C4E838C8254769D30066774B /* AuthenticationConstant.swift */; };
		C4E838D125476F230066774B /* AstroDetailsModel.swift in Sources */ = {isa = PBXBuildFile; fileRef = C4E838D025476F230066774B /* AstroDetailsModel.swift */; };
		C4E838D5254776480066774B /* AstroDetailsViewModel.swift in Sources */ = {isa = PBXBuildFile; fileRef = C4E838D4254776480066774B /* AstroDetailsViewModel.swift */; };
/* End PBXBuildFile section */

/* Begin PBXFileReference section */
		2557BB0C616742F33C80D861 /* Pods-AstrologyApp.release.xcconfig */ = {isa = PBXFileReference; includeInIndex = 1; lastKnownFileType = text.xcconfig; name = "Pods-AstrologyApp.release.xcconfig"; path = "Target Support Files/Pods-AstrologyApp/Pods-AstrologyApp.release.xcconfig"; sourceTree = "<group>"; };
		80D3C5EC12E3C94D9EB6DE05 /* Pods-AstrologyApp.debug.xcconfig */ = {isa = PBXFileReference; includeInIndex = 1; lastKnownFileType = text.xcconfig; name = "Pods-AstrologyApp.debug.xcconfig"; path = "Target Support Files/Pods-AstrologyApp/Pods-AstrologyApp.debug.xcconfig"; sourceTree = "<group>"; };
		C49090D82548820D00BA9906 /* AstroDetailsCall.swift */ = {isa = PBXFileReference; lastKnownFileType = sourcecode.swift; path = AstroDetailsCall.swift; sourceTree = "<group>"; };
		C49090E2254891EF00BA9906 /* Utilities.swift */ = {isa = PBXFileReference; lastKnownFileType = sourcecode.swift; path = Utilities.swift; sourceTree = "<group>"; };
		C49090E52548BD1E00BA9906 /* ResultViewController.swift */ = {isa = PBXFileReference; lastKnownFileType = sourcecode.swift; path = ResultViewController.swift; sourceTree = "<group>"; };
		C4E838A82547644C0066774B /* AstrologyApp.app */ = {isa = PBXFileReference; explicitFileType = wrapper.application; includeInIndex = 0; path = AstrologyApp.app; sourceTree = BUILT_PRODUCTS_DIR; };
		C4E838AB2547644C0066774B /* AppDelegate.swift */ = {isa = PBXFileReference; lastKnownFileType = sourcecode.swift; path = AppDelegate.swift; sourceTree = "<group>"; };
		C4E838AD2547644C0066774B /* SceneDelegate.swift */ = {isa = PBXFileReference; lastKnownFileType = sourcecode.swift; path = SceneDelegate.swift; sourceTree = "<group>"; };
		C4E838AF2547644C0066774B /* ViewController.swift */ = {isa = PBXFileReference; lastKnownFileType = sourcecode.swift; path = ViewController.swift; sourceTree = "<group>"; };
		C4E838B22547644C0066774B /* Base */ = {isa = PBXFileReference; lastKnownFileType = file.storyboard; name = Base; path = Base.lproj/Main.storyboard; sourceTree = "<group>"; };
		C4E838B42547644E0066774B /* Assets.xcassets */ = {isa = PBXFileReference; lastKnownFileType = folder.assetcatalog; path = Assets.xcassets; sourceTree = "<group>"; };
		C4E838B72547644E0066774B /* Base */ = {isa = PBXFileReference; lastKnownFileType = file.storyboard; name = Base; path = Base.lproj/LaunchScreen.storyboard; sourceTree = "<group>"; };
		C4E838B92547644E0066774B /* Info.plist */ = {isa = PBXFileReference; lastKnownFileType = text.plist.xml; path = Info.plist; sourceTree = "<group>"; };
		C4E838C4254765600066774B /* NetworkCall.swift */ = {isa = PBXFileReference; lastKnownFileType = sourcecode.swift; path = NetworkCall.swift; sourceTree = "<group>"; };
		C4E838C8254769D30066774B /* AuthenticationConstant.swift */ = {isa = PBXFileReference; lastKnownFileType = sourcecode.swift; path = AuthenticationConstant.swift; sourceTree = "<group>"; };
		C4E838D025476F230066774B /* AstroDetailsModel.swift */ = {isa = PBXFileReference; lastKnownFileType = sourcecode.swift; path = AstroDetailsModel.swift; sourceTree = "<group>"; };
		C4E838D4254776480066774B /* AstroDetailsViewModel.swift */ = {isa = PBXFileReference; lastKnownFileType = sourcecode.swift; path = AstroDetailsViewModel.swift; sourceTree = "<group>"; };
		F9A67CF8BD7BAAC9DC95AC00 /* Pods_AstrologyApp.framework */ = {isa = PBXFileReference; explicitFileType = wrapper.framework; includeInIndex = 0; path = Pods_AstrologyApp.framework; sourceTree = BUILT_PRODUCTS_DIR; };
/* End PBXFileReference section */

/* Begin PBXFrameworksBuildPhase section */
		C4E838A52547644C0066774B /* Frameworks */ = {
			isa = PBXFrameworksBuildPhase;
			buildActionMask = 2147483647;
			files = (
				4AE157DFE770B3D4F77D6F21 /* Pods_AstrologyApp.framework in Frameworks */,
			);
			runOnlyForDeploymentPostprocessing = 0;
		};
/* End PBXFrameworksBuildPhase section */

/* Begin PBXGroup section */
		00956D9DC8B2CC368131F69D /* Pods */ = {
			isa = PBXGroup;
			children = (
				80D3C5EC12E3C94D9EB6DE05 /* Pods-AstrologyApp.debug.xcconfig */,
				2557BB0C616742F33C80D861 /* Pods-AstrologyApp.release.xcconfig */,
			);
			path = Pods;
			sourceTree = "<group>";
		};
		AE346177838467C06DE2491A /* Frameworks */ = {
			isa = PBXGroup;
			children = (
				F9A67CF8BD7BAAC9DC95AC00 /* Pods_AstrologyApp.framework */,
			);
			name = Frameworks;
			sourceTree = "<group>";
		};
		C49090DB2548828400BA9906 /* View */ = {
			isa = PBXGroup;
			children = (
				C4E838AF2547644C0066774B /* ViewController.swift */,
				C49090E52548BD1E00BA9906 /* ResultViewController.swift */,
			);
			path = View;
			sourceTree = "<group>";
		};
		C49090DC2548828D00BA9906 /* Delegates */ = {
			isa = PBXGroup;
			children = (
				C4E838AB2547644C0066774B /* AppDelegate.swift */,
				C4E838AD2547644C0066774B /* SceneDelegate.swift */,
			);
			path = Delegates;
			sourceTree = "<group>";
		};
		C49090E025488D5E00BA9906 /* Extensions */ = {
			isa = PBXGroup;
			children = (
				C49090E2254891EF00BA9906 /* Utilities.swift */,
			);
			path = Extensions;
			sourceTree = "<group>";
		};
		C4E8389F2547644C0066774B = {
			isa = PBXGroup;
			children = (
				C4E838AA2547644C0066774B /* AstrologyApp */,
				C4E838A92547644C0066774B /* Products */,
				00956D9DC8B2CC368131F69D /* Pods */,
				AE346177838467C06DE2491A /* Frameworks */,
			);
			sourceTree = "<group>";
		};
		C4E838A92547644C0066774B /* Products */ = {
			isa = PBXGroup;
			children = (
				C4E838A82547644C0066774B /* AstrologyApp.app */,
			);
			name = Products;
			sourceTree = "<group>";
		};
		C4E838AA2547644C0066774B /* AstrologyApp */ = {
			isa = PBXGroup;
			children = (
				C49090E025488D5E00BA9906 /* Extensions */,
				C49090DC2548828D00BA9906 /* Delegates */,
				C49090DB2548828400BA9906 /* View */,
				C4E838D32547762F0066774B /* ViewModel */,
				C4E838CF25476EBF0066774B /* Model */,
				C4E838C3254765530066774B /* Service */,
				C4E838B12547644C0066774B /* Main.storyboard */,
				C4E838B42547644E0066774B /* Assets.xcassets */,
				C4E838B62547644E0066774B /* LaunchScreen.storyboard */,
				C4E838B92547644E0066774B /* Info.plist */,
			);
			path = AstrologyApp;
			sourceTree = "<group>";
		};
		C4E838C3254765530066774B /* Service */ = {
			isa = PBXGroup;
			children = (
				C4E838C4254765600066774B /* NetworkCall.swift */,
				C4E838C8254769D30066774B /* AuthenticationConstant.swift */,
				C49090D82548820D00BA9906 /* AstroDetailsCall.swift */,
			);
			path = Service;
			sourceTree = "<group>";
		};
		C4E838CF25476EBF0066774B /* Model */ = {
			isa = PBXGroup;
			children = (
				C4E838D025476F230066774B /* AstroDetailsModel.swift */,
			);
			path = Model;
			sourceTree = "<group>";
		};
		C4E838D32547762F0066774B /* ViewModel */ = {
			isa = PBXGroup;
			children = (
				C4E838D4254776480066774B /* AstroDetailsViewModel.swift */,
			);
			path = ViewModel;
			sourceTree = "<group>";
		};
/* End PBXGroup section */

/* Begin PBXNativeTarget section */
		C4E838A72547644C0066774B /* AstrologyApp */ = {
			isa = PBXNativeTarget;
			buildConfigurationList = C4E838BC2547644E0066774B /* Build configuration list for PBXNativeTarget "AstrologyApp" */;
			buildPhases = (
				64702C6586525B7D97D0DD58 /* [CP] Check Pods Manifest.lock */,
				C4E838A42547644C0066774B /* Sources */,
				C4E838A52547644C0066774B /* Frameworks */,
				C4E838A62547644C0066774B /* Resources */,
				00D2E06DEB3F40223A815E66 /* [CP] Embed Pods Frameworks */,
			);
			buildRules = (
			);
			dependencies = (
			);
			name = AstrologyApp;
			productName = AstrologyApp;
			productReference = C4E838A82547644C0066774B /* AstrologyApp.app */;
			productType = "com.apple.product-type.application";
		};
/* End PBXNativeTarget section */

/* Begin PBXProject section */
		C4E838A02547644C0066774B /* Project object */ = {
			isa = PBXProject;
			attributes = {
				LastSwiftUpdateCheck = 1200;
				LastUpgradeCheck = 1200;
				TargetAttributes = {
					C4E838A72547644C0066774B = {
						CreatedOnToolsVersion = 12.0.1;
					};
				};
			};
			buildConfigurationList = C4E838A32547644C0066774B /* Build configuration list for PBXProject "AstrologyApp" */;
			compatibilityVersion = "Xcode 9.3";
			developmentRegion = en;
			hasScannedForEncodings = 0;
			knownRegions = (
				en,
				Base,
			);
			mainGroup = C4E8389F2547644C0066774B;
			productRefGroup = C4E838A92547644C0066774B /* Products */;
			projectDirPath = "";
			projectRoot = "";
			targets = (
				C4E838A72547644C0066774B /* AstrologyApp */,
			);
		};
/* End PBXProject section */

/* Begin PBXResourcesBuildPhase section */
		C4E838A62547644C0066774B /* Resources */ = {
			isa = PBXResourcesBuildPhase;
			buildActionMask = 2147483647;
			files = (
				C4E838B82547644E0066774B /* LaunchScreen.storyboard in Resources */,
				C4E838B52547644E0066774B /* Assets.xcassets in Resources */,
				C4E838B32547644C0066774B /* Main.storyboard in Resources */,
			);
			runOnlyForDeploymentPostprocessing = 0;
		};
/* End PBXResourcesBuildPhase section */

/* Begin PBXShellScriptBuildPhase section */
		00D2E06DEB3F40223A815E66 /* [CP] Embed Pods Frameworks */ = {
			isa = PBXShellScriptBuildPhase;
			buildActionMask = 2147483647;
			files = (
			);
			inputFileListPaths = (
				"${PODS_ROOT}/Target Support Files/Pods-AstrologyApp/Pods-AstrologyApp-frameworks-${CONFIGURATION}-input-files.xcfilelist",
			);
			name = "[CP] Embed Pods Frameworks";
			outputFileListPaths = (
				"${PODS_ROOT}/Target Support Files/Pods-AstrologyApp/Pods-AstrologyApp-frameworks-${CONFIGURATION}-output-files.xcfilelist",
			);
			runOnlyForDeploymentPostprocessing = 0;
			shellPath = /bin/sh;
			shellScript = "\"${PODS_ROOT}/Target Support Files/Pods-AstrologyApp/Pods-AstrologyApp-frameworks.sh\"\n";
			showEnvVarsInLog = 0;
		};
		64702C6586525B7D97D0DD58 /* [CP] Check Pods Manifest.lock */ = {
			isa = PBXShellScriptBuildPhase;
			buildActionMask = 2147483647;
			files = (
			);
			inputFileListPaths = (
			);
			inputPaths = (
				"${PODS_PODFILE_DIR_PATH}/Podfile.lock",
				"${PODS_ROOT}/Manifest.lock",
			);
			name = "[CP] Check Pods Manifest.lock";
			outputFileListPaths = (
			);
			outputPaths = (
				"$(DERIVED_FILE_DIR)/Pods-AstrologyApp-checkManifestLockResult.txt",
			);
			runOnlyForDeploymentPostprocessing = 0;
			shellPath = /bin/sh;
			shellScript = "diff \"${PODS_PODFILE_DIR_PATH}/Podfile.lock\" \"${PODS_ROOT}/Manifest.lock\" > /dev/null\nif [ $? != 0 ] ; then\n    # print error to STDERR\n    echo \"error: The sandbox is not in sync with the Podfile.lock. Run 'pod install' or update your CocoaPods installation.\" >&2\n    exit 1\nfi\n# This output is used by Xcode 'outputs' to avoid re-running this script phase.\necho \"SUCCESS\" > \"${SCRIPT_OUTPUT_FILE_0}\"\n";
			showEnvVarsInLog = 0;
		};
/* End PBXShellScriptBuildPhase section */

/* Begin PBXSourcesBuildPhase section */
		C4E838A42547644C0066774B /* Sources */ = {
			isa = PBXSourcesBuildPhase;
			buildActionMask = 2147483647;
			files = (
				C4E838B02547644C0066774B /* ViewController.swift in Sources */,
				C4E838AC2547644C0066774B /* AppDelegate.swift in Sources */,
				C4E838C5254765600066774B /* NetworkCall.swift in Sources */,
				C4E838C9254769D30066774B /* AuthenticationConstant.swift in Sources */,
				C49090D92548820D00BA9906 /* AstroDetailsCall.swift in Sources */,
				C49090E62548BD1E00BA9906 /* ResultViewController.swift in Sources */,
				C4E838D5254776480066774B /* AstroDetailsViewModel.swift in Sources */,
				C49090E3254891EF00BA9906 /* Utilities.swift in Sources */,
				C4E838D125476F230066774B /* AstroDetailsModel.swift in Sources */,
				C4E838AE2547644C0066774B /* SceneDelegate.swift in Sources */,
			);
			runOnlyForDeploymentPostprocessing = 0;
		};
/* End PBXSourcesBuildPhase section */

/* Begin PBXVariantGroup section */
		C4E838B12547644C0066774B /* Main.storyboard */ = {
			isa = PBXVariantGroup;
			children = (
				C4E838B22547644C0066774B /* Base */,
			);
			name = Main.storyboard;
			sourceTree = "<group>";
		};
		C4E838B62547644E0066774B /* LaunchScreen.storyboard */ = {
			isa = PBXVariantGroup;
			children = (
				C4E838B72547644E0066774B /* Base */,
			);
			name = LaunchScreen.storyboard;
			sourceTree = "<group>";
		};
/* End PBXVariantGroup section */

/* Begin XCBuildConfiguration section */
		C4E838BA2547644E0066774B /* Debug */ = {
			isa = XCBuildConfiguration;
			buildSettings = {
				ALWAYS_SEARCH_USER_PATHS = NO;
				CLANG_ANALYZER_NONNULL = YES;
				CLANG_ANALYZER_NUMBER_OBJECT_CONVERSION = YES_AGGRESSIVE;
				CLANG_CXX_LANGUAGE_STANDARD = "gnu++14";
				CLANG_CXX_LIBRARY = "libc++";
				CLANG_ENABLE_MODULES = YES;
				CLANG_ENABLE_OBJC_ARC = YES;
				CLANG_ENABLE_OBJC_WEAK = YES;
				CLANG_WARN_BLOCK_CAPTURE_AUTORELEASING = YES;
				CLANG_WARN_BOOL_CONVERSION = YES;
				CLANG_WARN_COMMA = YES;
				CLANG_WARN_CONSTANT_CONVERSION = YES;
				CLANG_WARN_DEPRECATED_OBJC_IMPLEMENTATIONS = YES;
				CLANG_WARN_DIRECT_OBJC_ISA_USAGE = YES_ERROR;
				CLANG_WARN_DOCUMENTATION_COMMENTS = YES;
				CLANG_WARN_EMPTY_BODY = YES;
				CLANG_WARN_ENUM_CONVERSION = YES;
				CLANG_WARN_INFINITE_RECURSION = YES;
				CLANG_WARN_INT_CONVERSION = YES;
				CLANG_WARN_NON_LITERAL_NULL_CONVERSION = YES;
				CLANG_WARN_OBJC_IMPLICIT_RETAIN_SELF = YES;
				CLANG_WARN_OBJC_LITERAL_CONVERSION = YES;
				CLANG_WARN_OBJC_ROOT_CLASS = YES_ERROR;
				CLANG_WARN_QUOTED_INCLUDE_IN_FRAMEWORK_HEADER = YES;
				CLANG_WARN_RANGE_LOOP_ANALYSIS = YES;
				CLANG_WARN_STRICT_PROTOTYPES = YES;
				CLANG_WARN_SUSPICIOUS_MOVE = YES;
				CLANG_WARN_UNGUARDED_AVAILABILITY = YES_AGGRESSIVE;
				CLANG_WARN_UNREACHABLE_CODE = YES;
				CLANG_WARN__DUPLICATE_METHOD_MATCH = YES;
				COPY_PHASE_STRIP = NO;
				DEBUG_INFORMATION_FORMAT = dwarf;
				ENABLE_STRICT_OBJC_MSGSEND = YES;
				ENABLE_TESTABILITY = YES;
				GCC_C_LANGUAGE_STANDARD = gnu11;
				GCC_DYNAMIC_NO_PIC = NO;
				GCC_NO_COMMON_BLOCKS = YES;
				GCC_OPTIMIZATION_LEVEL = 0;
				GCC_PREPROCESSOR_DEFINITIONS = (
					"DEBUG=1",
					"$(inherited)",
				);
				GCC_WARN_64_TO_32_BIT_CONVERSION = YES;
				GCC_WARN_ABOUT_RETURN_TYPE = YES_ERROR;
				GCC_WARN_UNDECLARED_SELECTOR = YES;
				GCC_WARN_UNINITIALIZED_AUTOS = YES_AGGRESSIVE;
				GCC_WARN_UNUSED_FUNCTION = YES;
				GCC_WARN_UNUSED_VARIABLE = YES;
				IPHONEOS_DEPLOYMENT_TARGET = 14.0;
				MTL_ENABLE_DEBUG_INFO = INCLUDE_SOURCE;
				MTL_FAST_MATH = YES;
				ONLY_ACTIVE_ARCH = YES;
				SDKROOT = iphoneos;
				SWIFT_ACTIVE_COMPILATION_CONDITIONS = DEBUG;
				SWIFT_OPTIMIZATION_LEVEL = "-Onone";
			};
			name = Debug;
		};
		C4E838BB2547644E0066774B /* Release */ = {
			isa = XCBuildConfiguration;
			buildSettings = {
				ALWAYS_SEARCH_USER_PATHS = NO;
				CLANG_ANALYZER_NONNULL = YES;
				CLANG_ANALYZER_NUMBER_OBJECT_CONVERSION = YES_AGGRESSIVE;
				CLANG_CXX_LANGUAGE_STANDARD = "gnu++14";
				CLANG_CXX_LIBRARY = "libc++";
				CLANG_ENABLE_MODULES = YES;
				CLANG_ENABLE_OBJC_ARC = YES;
				CLANG_ENABLE_OBJC_WEAK = YES;
				CLANG_WARN_BLOCK_CAPTURE_AUTORELEASING = YES;
				CLANG_WARN_BOOL_CONVERSION = YES;
				CLANG_WARN_COMMA = YES;
				CLANG_WARN_CONSTANT_CONVERSION = YES;
				CLANG_WARN_DEPRECATED_OBJC_IMPLEMENTATIONS = YES;
				CLANG_WARN_DIRECT_OBJC_ISA_USAGE = YES_ERROR;
				CLANG_WARN_DOCUMENTATION_COMMENTS = YES;
				CLANG_WARN_EMPTY_BODY = YES;
				CLANG_WARN_ENUM_CONVERSION = YES;
				CLANG_WARN_INFINITE_RECURSION = YES;
				CLANG_WARN_INT_CONVERSION = YES;
				CLANG_WARN_NON_LITERAL_NULL_CONVERSION = YES;
				CLANG_WARN_OBJC_IMPLICIT_RETAIN_SELF = YES;
				CLANG_WARN_OBJC_LITERAL_CONVERSION = YES;
				CLANG_WARN_OBJC_ROOT_CLASS = YES_ERROR;
				CLANG_WARN_QUOTED_INCLUDE_IN_FRAMEWORK_HEADER = YES;
				CLANG_WARN_RANGE_LOOP_ANALYSIS = YES;
				CLANG_WARN_STRICT_PROTOTYPES = YES;
				CLANG_WARN_SUSPICIOUS_MOVE = YES;
				CLANG_WARN_UNGUARDED_AVAILABILITY = YES_AGGRESSIVE;
				CLANG_WARN_UNREACHABLE_CODE = YES;
				CLANG_WARN__DUPLICATE_METHOD_MATCH = YES;
				COPY_PHASE_STRIP = NO;
				DEBUG_INFORMATION_FORMAT = "dwarf-with-dsym";
				ENABLE_NS_ASSERTIONS = NO;
				ENABLE_STRICT_OBJC_MSGSEND = YES;
				GCC_C_LANGUAGE_STANDARD = gnu11;
				GCC_NO_COMMON_BLOCKS = YES;
				GCC_WARN_64_TO_32_BIT_CONVERSION = YES;
				GCC_WARN_ABOUT_RETURN_TYPE = YES_ERROR;
				GCC_WARN_UNDECLARED_SELECTOR = YES;
				GCC_WARN_UNINITIALIZED_AUTOS = YES_AGGRESSIVE;
				GCC_WARN_UNUSED_FUNCTION = YES;
				GCC_WARN_UNUSED_VARIABLE = YES;
				IPHONEOS_DEPLOYMENT_TARGET = 14.0;
				MTL_ENABLE_DEBUG_INFO = NO;
				MTL_FAST_MATH = YES;
				SDKROOT = iphoneos;
				SWIFT_COMPILATION_MODE = wholemodule;
				SWIFT_OPTIMIZATION_LEVEL = "-O";
				VALIDATE_PRODUCT = YES;
			};
			name = Release;
		};
		C4E838BD2547644E0066774B /* Debug */ = {
			isa = XCBuildConfiguration;
			baseConfigurationReference = 80D3C5EC12E3C94D9EB6DE05 /* Pods-AstrologyApp.debug.xcconfig */;
			buildSettings = {
				ASSETCATALOG_COMPILER_APPICON_NAME = AppIcon;
				ASSETCATALOG_COMPILER_GLOBAL_ACCENT_COLOR_NAME = AccentColor;
				CODE_SIGN_STYLE = Automatic;
				INFOPLIST_FILE = AstrologyApp/Info.plist;
				LD_RUNPATH_SEARCH_PATHS = (
					"$(inherited)",
					"@executable_path/Frameworks",
				);
				PRODUCT_BUNDLE_IDENTIFIER = oguzhanbekir.AstrologyApp;
				PRODUCT_NAME = "$(TARGET_NAME)";
				SWIFT_VERSION = 5.0;
				TARGETED_DEVICE_FAMILY = "1,2";
			};
			name = Debug;
		};
		C4E838BE2547644E0066774B /* Release */ = {
			isa = XCBuildConfiguration;
			baseConfigurationReference = 2557BB0C616742F33C80D861 /* Pods-AstrologyApp.release.xcconfig */;
			buildSettings = {
				ASSETCATALOG_COMPILER_APPICON_NAME = AppIcon;
				ASSETCATALOG_COMPILER_GLOBAL_ACCENT_COLOR_NAME = AccentColor;
				CODE_SIGN_STYLE = Automatic;
				INFOPLIST_FILE = AstrologyApp/Info.plist;
				LD_RUNPATH_SEARCH_PATHS = (
					"$(inherited)",
					"@executable_path/Frameworks",
				);
				PRODUCT_BUNDLE_IDENTIFIER = oguzhanbekir.AstrologyApp;
				PRODUCT_NAME = "$(TARGET_NAME)";
				SWIFT_VERSION = 5.0;
				TARGETED_DEVICE_FAMILY = "1,2";
			};
			name = Release;
		};
/* End XCBuildConfiguration section */

/* Begin XCConfigurationList section */
		C4E838A32547644C0066774B /* Build configuration list for PBXProject "AstrologyApp" */ = {
			isa = XCConfigurationList;
			buildConfigurations = (
				C4E838BA2547644E0066774B /* Debug */,
				C4E838BB2547644E0066774B /* Release */,
			);
			defaultConfigurationIsVisible = 0;
			defaultConfigurationName = Release;
		};
		C4E838BC2547644E0066774B /* Build configuration list for PBXNativeTarget "AstrologyApp" */ = {
			isa = XCConfigurationList;
			buildConfigurations = (
				C4E838BD2547644E0066774B /* Debug */,
				C4E838BE2547644E0066774B /* Release */,
			);
			defaultConfigurationIsVisible = 0;
			defaultConfigurationName = Release;
		};
/* End XCConfigurationList section */
	};
	rootObject = C4E838A02547644C0066774B /* Project object */;
}
